{
    "_readme": [
        "This file locks the dependencies of your project to a known state",
        "Read more about it at https://getcomposer.org/doc/01-basic-usage.md#composer-lock-the-lock-file",
        "This file is @generated automatically"
    ],
    "content-hash": "9d1ca718a674f78ef5fcc2a567b01eec",
    "packages": [
        {
            "name": "social-links/social-links",
            "version": "v1.13.0",
            "source": {
                "type": "git",
                "url": "https://github.com/oscarotero/social-links.git",
                "reference": "55677b91224586ec58eb2d665538165759963ec4"
            },
            "dist": {
                "type": "zip",
                "url": "https://api.github.com/repos/oscarotero/social-links/zipball/55677b91224586ec58eb2d665538165759963ec4",
                "reference": "55677b91224586ec58eb2d665538165759963ec4",
                "shasum": ""
            },
            "require": {
                "php": ">=5.3.0"
            },
            "type": "library",
            "autoload": {
                "psr-4": {
                    "SocialLinks\\": "src"
                }
            },
            "notification-url": "https://packagist.org/downloads/",
            "license": [
                "MIT"
            ],
            "authors": [
                {
                    "name": "Oscar Otero",
                    "email": "oom@oscarotero.com",
                    "homepage": "http://oscarotero.com",
                    "role": "Developer"
                }
            ],
            "description": "PHP library to generate share buttons",
            "homepage": "https://github.com/oscarotero/social-links",
            "keywords": [
                "buttons",
                "facebook",
                "links",
                "opengraph",
                "share",
                "social",
                "twitter",
                "twittercards"
            ],
            "time": "2017-09-04T20:21:50+00:00"
        }
    ],
    "packages-dev": [],
    "aliases": [],
    "minimum-stability": "stable",
    "stability-flags": [],
    "prefer-stable": false,
    "prefer-lowest": false,
    "platform": [],
    "platform-dev": []
}
